
Microsoft Visual Studio Solution File, Format Version 12.00
# Visual Studio Version 16
VisualStudioVersion = 16.0.31613.86
MinimumVisualStudioVersion = 10.0.40219.1
Project("{FAE04EC0-301F-11D3-BF4B-00C04F79EFBC}") = "rpc-rest", "rpc-rest.csproj", "{01799F63-66AD-446D-A39D-D5DCB4008E2C}"
EndProject
Global
	GlobalSection(SolutionConfigurationPlatforms) = preSolution
		Debug|Any CPU = Debug|Any CPU
		Release|Any CPU = Release|Any CPU
	EndGlobalSection
	GlobalSection(ProjectConfigurationPlatforms) = postSolution
		{01799F63-66AD-446D-A39D-D5DCB4008E2C}.Debug|Any CPU.ActiveCfg = Debug|Any CPU
		{01799F63-66AD-446D-A39D-D5DCB4008E2C}.Debug|Any CPU.Build.0 = Debug|Any CPU
		{01799F63-66AD-446D-A39D-D5DCB4008E2C}.Release|Any CPU.ActiveCfg = Release|Any CPU
		{01799F63-66AD-446D-A39D-D5DCB4008E2C}.Release|Any CPU.Build.0 = Release|Any CPU
	EndGlobalSection
	GlobalSection(SolutionProperties) = preSolution
		HideSolutionNode = FALSE
	EndGlobalSection
	GlobalSection(ExtensibilityGlobals) = postSolution
		SolutionGuid = {E2785B82-AB2F-4AFF-A10B-F03FB778BFB2}
	EndGlobalSection
EndGlobal
